
Microsoft Visual Studio Solution File, Format Version 12.00
# Visual Studio Version 17
VisualStudioVersion = 17.0.32014.148
MinimumVisualStudioVersion = 10.0.40219.1
Project("{FAE04EC0-301F-11D3-BF4B-00C04F79EFBC}") = "Misios_4.Android", "Misios_4.Android\Misios_4.Android.csproj", "{297FDE73-5EE5-43AE-87A6-C40339FCDD51}"
EndProject
Project("{FAE04EC0-301F-11D3-BF4B-00C04F79EFBC}") = "Misios_4.iOS", "Misios_4.iOS\Misios_4.iOS.csproj", "{F8E6CF2D-06D1-47B5-952B-C4E25B409B73}"
EndProject
Project("{FAE04EC0-301F-11D3-BF4B-00C04F79EFBC}") = "Misios_4", "Misios_4\Misios_4.csproj", "{75B62616-2768-4EC3-9771-02DEFC4ED024}"
EndProject
Global
	GlobalSection(SolutionConfigurationPlatforms) = preSolution
		Debug|Any CPU = Debug|Any CPU
		Debug|iPhone = Debug|iPhone
		Debug|iPhoneSimulator = Debug|iPhoneSimulator
		Release|Any CPU = Release|Any CPU
		Release|iPhone = Release|iPhone
		Release|iPhoneSimulator = Release|iPhoneSimulator
	EndGlobalSection
	GlobalSection(ProjectConfigurationPlatforms) = postSolution
		{297FDE73-5EE5-43AE-87A6-C40339FCDD51}.Debug|Any CPU.ActiveCfg = Debug|Any CPU
		{297FDE73-5EE5-43AE-87A6-C40339FCDD51}.Debug|Any CPU.Build.0 = Debug|Any CPU
		{297FDE73-5EE5-43AE-87A6-C40339FCDD51}.Debug|Any CPU.Deploy.0 = Debug|Any CPU
		{297FDE73-5EE5-43AE-87A6-C40339FCDD51}.Debug|iPhone.ActiveCfg = Debug|Any CPU
		{297FDE73-5EE5-43AE-87A6-C40339FCDD51}.Debug|iPhone.Build.0 = Debug|Any CPU
		{297FDE73-5EE5-43AE-87A6-C40339FCDD51}.Debug|iPhone.Deploy.0 = Debug|Any CPU
		{297FDE73-5EE5-43AE-87A6-C40339FCDD51}.Debug|iPhoneSimulator.ActiveCfg = Debug|Any CPU
		{297FDE73-5EE5-43AE-87A6-C40339FCDD51}.Debug|iPhoneSimulator.Build.0 = Debug|Any CPU
		{297FDE73-5EE5-43AE-87A6-C40339FCDD51}.Debug|iPhoneSimulator.Deploy.0 = Debug|Any CPU
		{297FDE73-5EE5-43AE-87A6-C40339FCDD51}.Release|Any CPU.ActiveCfg = Release|Any CPU
		{297FDE73-5EE5-43AE-87A6-C40339FCDD51}.Release|Any CPU.Build.0 = Release|Any CPU
		{297FDE73-5EE5-43AE-87A6-C40339FCDD51}.Release|Any CPU.Deploy.0 = Release|Any CPU
		{297FDE73-5EE5-43AE-87A6-C40339FCDD51}.Release|iPhone.ActiveCfg = Release|Any CPU
		{297FDE73-5EE5-43AE-87A6-C40339FCDD51}.Release|iPhone.Build.0 = Release|Any CPU
		{297FDE73-5EE5-43AE-87A6-C40339FCDD51}.Release|iPhone.Deploy.0 = Release|Any CPU
		{297FDE73-5EE5-43AE-87A6-C40339FCDD51}.Release|iPhoneSimulator.ActiveCfg = Release|Any CPU
		{297FDE73-5EE5-43AE-87A6-C40339FCDD51}.Release|iPhoneSimulator.Build.0 = Release|Any CPU
		{297FDE73-5EE5-43AE-87A6-C40339FCDD51}.Release|iPhoneSimulator.Deploy.0 = Release|Any CPU
		{F8E6CF2D-06D1-47B5-952B-C4E25B409B73}.Debug|Any CPU.ActiveCfg = Debug|iPhone
		{F8E6CF2D-06D1-47B5-952B-C4E25B409B73}.Debug|Any CPU.Build.0 = Debug|iPhone
		{F8E6CF2D-06D1-47B5-952B-C4E25B409B73}.Debug|Any CPU.Deploy.0 = Debug|iPhone
		{F8E6CF2D-06D1-47B5-952B-C4E25B409B73}.Debug|iPhone.ActiveCfg = Debug|iPhone
		{F8E6CF2D-06D1-47B5-952B-C4E25B409B73}.Debug|iPhone.Build.0 = Debug|iPhone
		{F8E6CF2D-06D1-47B5-952B-C4E25B409B73}.Debug|iPhone.Deploy.0 = Debug|iPhone
		{F8E6CF2D-06D1-47B5-952B-C4E25B409B73}.Debug|iPhoneSimulator.ActiveCfg = Debug|iPhoneSimulator
		{F8E6CF2D-06D1-47B5-952B-C4E25B409B73}.Debug|iPhoneSimulator.Build.0 = Debug|iPhoneSimulator
		{F8E6CF2D-06D1-47B5-952B-C4E25B409B73}.Debug|iPhoneSimulator.Deploy.0 = Debug|iPhoneSimulator
		{F8E6CF2D-06D1-47B5-952B-C4E25B409B73}.Release|Any CPU.ActiveCfg = Release|iPhoneSimulator
		{F8E6CF2D-06D1-47B5-952B-C4E25B409B73}.Release|Any CPU.Build.0 = Release|iPhoneSimulator
		{F8E6CF2D-06D1-47B5-952B-C4E25B409B73}.Release|Any CPU.Deploy.0 = Release|iPhoneSimulator
		{F8E6CF2D-06D1-47B5-952B-C4E25B409B73}.Release|iPhone.ActiveCfg = Release|iPhone
		{F8E6CF2D-06D1-47B5-952B-C4E25B409B73}.Release|iPhone.Build.0 = Release|iPhone
		{F8E6CF2D-06D1-47B5-952B-C4E25B409B73}.Release|iPhone.Deploy.0 = Release|iPhone
		{F8E6CF2D-06D1-47B5-952B-C4E25B409B73}.Release|iPhoneSimulator.ActiveCfg = Release|iPhoneSimulator
		{F8E6CF2D-06D1-47B5-952B-C4E25B409B73}.Release|iPhoneSimulator.Build.0 = Release|iPhoneSimulator
		{F8E6CF2D-06D1-47B5-952B-C4E25B409B73}.Release|iPhoneSimulator.Deploy.0 = Release|iPhoneSimulator
		{75B62616-2768-4EC3-9771-02DEFC4ED024}.Debug|Any CPU.ActiveCfg = Debug|Any CPU
		{75B62616-2768-4EC3-9771-02DEFC4ED024}.Debug|Any CPU.Build.0 = Debug|Any CPU
		{75B62616-2768-4EC3-9771-02DEFC4ED024}.Debug|Any CPU.Deploy.0 = Debug|Any CPU
		{75B62616-2768-4EC3-9771-02DEFC4ED024}.Debug|iPhone.ActiveCfg = Debug|Any CPU
		{75B62616-2768-4EC3-9771-02DEFC4ED024}.Debug|iPhone.Build.0 = Debug|Any CPU
		{75B62616-2768-4EC3-9771-02DEFC4ED024}.Debug|iPhone.Deploy.0 = Debug|Any CPU
		{75B62616-2768-4EC3-9771-02DEFC4ED024}.Debug|iPhoneSimulator.ActiveCfg = Debug|Any CPU
		{75B62616-2768-4EC3-9771-02DEFC4ED024}.Debug|iPhoneSimulator.Build.0 = Debug|Any CPU
		{75B62616-2768-4EC3-9771-02DEFC4ED024}.Debug|iPhoneSimulator.Deploy.0 = Debug|Any CPU
		{75B62616-2768-4EC3-9771-02DEFC4ED024}.Release|Any CPU.ActiveCfg = Release|Any CPU
		{75B62616-2768-4EC3-9771-02DEFC4ED024}.Release|Any CPU.Build.0 = Release|Any CPU
		{75B62616-2768-4EC3-9771-02DEFC4ED024}.Release|Any CPU.Deploy.0 = Release|Any CPU
		{75B62616-2768-4EC3-9771-02DEFC4ED024}.Release|iPhone.ActiveCfg = Release|Any CPU
		{75B62616-2768-4EC3-9771-02DEFC4ED024}.Release|iPhone.Build.0 = Release|Any CPU
		{75B62616-2768-4EC3-9771-02DEFC4ED024}.Release|iPhone.Deploy.0 = Release|Any CPU
		{75B62616-2768-4EC3-9771-02DEFC4ED024}.Release|iPhoneSimulator.ActiveCfg = Release|Any CPU
		{75B62616-2768-4EC3-9771-02DEFC4ED024}.Release|iPhoneSimulator.Build.0 = Release|Any CPU
		{75B62616-2768-4EC3-9771-02DEFC4ED024}.Release|iPhoneSimulator.Deploy.0 = Release|Any CPU
	EndGlobalSection
	GlobalSection(SolutionProperties) = preSolution
		HideSolutionNode = FALSE
	EndGlobalSection
	GlobalSection(ExtensibilityGlobals) = postSolution
		SolutionGuid = {330E7A1A-7F33-494F-B3DF-5906319618E9}
	EndGlobalSection
EndGlobal
